// !$*UTF8*$!
{
	archiveVersion = 1;
	classes = {
	};
	objectVersion = 46;
	objects = {

/* Begin PBXBuildFile section */
		5B6E7ABF140C7C92002C4E42 /* UIKit.framework in Frameworks */ = {isa = PBXBuildFile; fileRef = 5B6E7ABE140C7C92002C4E42 /* UIKit.framework */; };
		5B6E7AC1140C7C92002C4E42 /* Foundation.framework in Frameworks */ = {isa = PBXBuildFile; fileRef = 5B6E7AC0140C7C92002C4E42 /* Foundation.framework */; };
		5B6E7AC3140C7C92002C4E42 /* CoreGraphics.framework in Frameworks */ = {isa = PBXBuildFile; fileRef = 5B6E7AC2140C7C92002C4E42 /* CoreGraphics.framework */; };
		5B6E7AC9140C7C92002C4E42 /* InfoPlist.strings in Resources */ = {isa = PBXBuildFile; fileRef = 5B6E7AC7140C7C92002C4E42 /* InfoPlist.strings */; };
		5B6E7ACB140C7C92002C4E42 /* main.m in Sources */ = {isa = PBXBuildFile; fileRef = 5B6E7ACA140C7C92002C4E42 /* main.m */; };
		5B6E7ACF140C7C93002C4E42 /* SearcherAppDelegate.m in Sources */ = {isa = PBXBuildFile; fileRef = 5B6E7ACE140C7C93002C4E42 /* SearcherAppDelegate.m */; };
		5B6E7AD1140C7C93002C4E42 /* SearcherViewController.h in Resources */ = {isa = PBXBuildFile; fileRef = 5B6E7AD0140C7C93002C4E42 /* SearcherViewController.h */; };
		5B6E7AD3140C7C93002C4E42 /* SearcherViewController.m in Sources */ = {isa = PBXBuildFile; fileRef = 5B6E7AD2140C7C93002C4E42 /* SearcherViewController.m */; };
		5B6E7AD6140C7C93002C4E42 /* SearcherViewController_iPhone.xib in Resources */ = {isa = PBXBuildFile; fileRef = 5B6E7AD4140C7C93002C4E42 /* SearcherViewController_iPhone.xib */; };
		5B6E7AD9140C7C93002C4E42 /* SearcherViewController_iPad.xib in Resources */ = {isa = PBXBuildFile; fileRef = 5B6E7AD7140C7C93002C4E42 /* SearcherViewController_iPad.xib */; };
/* End PBXBuildFile section */

/* Begin PBXFileReference section */
		5B6E7ABA140C7C92002C4E42 /* Searcher.app */ = {isa = PBXFileReference; explicitFileType = wrapper.application; includeInIndex = 0; path = Searcher.app; sourceTree = BUILT_PRODUCTS_DIR; };
		5B6E7ABE140C7C92002C4E42 /* UIKit.framework */ = {isa = PBXFileReference; lastKnownFileType = wrapper.framework; name = UIKit.framework; path = System/Library/Frameworks/UIKit.framework; sourceTree = SDKROOT; };
		5B6E7AC0140C7C92002C4E42 /* Foundation.framework */ = {isa = PBXFileReference; lastKnownFileType = wrapper.framework; name = Foundation.framework; path = System/Library/Frameworks/Foundation.framework; sourceTree = SDKROOT; };
		5B6E7AC2140C7C92002C4E42 /* CoreGraphics.framework */ = {isa = PBXFileReference; lastKnownFileType = wrapper.framework; name = CoreGraphics.framework; path = System/Library/Frameworks/CoreGraphics.framework; sourceTree = SDKROOT; };
		5B6E7AC6140C7C92002C4E42 /* Searcher-Info.plist */ = {isa = PBXFileReference; path = "Searcher-Info.plist"; sourceTree = "<group>"; };
		5B6E7AC8140C7C92002C4E42 /* en */ = {isa = PBXFileReference; lastKnownFileType = text.plist.strings; name = en; path = en.lproj/InfoPlist.strings; sourceTree = "<group>"; };
		5B6E7ACA140C7C92002C4E42 /* main.m */ = {isa = PBXFileReference; lastKnownFileType = sourcecode.c.objc; path = main.m; sourceTree = "<group>"; };
		5B6E7ACC140C7C92002C4E42 /* Searcher-Prefix.pch */ = {isa = PBXFileReference; path = "Searcher-Prefix.pch"; sourceTree = "<group>"; };
		5B6E7ACD140C7C93002C4E42 /* SearcherAppDelegate.h */ = {isa = PBXFileReference; path = SearcherAppDelegate.h; sourceTree = "<group>"; };
		5B6E7ACE140C7C93002C4E42 /* SearcherAppDelegate.m */ = {isa = PBXFileReference; lastKnownFileType = sourcecode.c.objc; path = SearcherAppDelegate.m; sourceTree = "<group>"; };
		5B6E7AD0140C7C93002C4E42 /* SearcherViewController.h */ = {isa = PBXFileReference; lastKnownFileType = sourcecode.c.h; path = SearcherViewController.h; sourceTree = "<group>"; };
		5B6E7AD2140C7C93002C4E42 /* SearcherViewController.m */ = {isa = PBXFileReference; lastKnownFileType = sourcecode.c.objc; path = SearcherViewController.m; sourceTree = "<group>"; };
		5B6E7AD5140C7C93002C4E42 /* en */ = {isa = PBXFileReference; lastKnownFileType = file.xib; name = en; path = en.lproj/SearcherViewController_iPhone.xib; sourceTree = "<group>"; };
		5B6E7AD8140C7C93002C4E42 /* en */ = {isa = PBXFileReference; lastKnownFileType = file.xib; name = en; path = en.lproj/SearcherViewController_iPad.xib; sourceTree = "<group>"; };
/* End PBXFileReference section */

/* Begin PBXFrameworksBuildPhase section */
		5B6E7AB7140C7C92002C4E42 /* Frameworks */ = {
			isa = PBXFrameworksBuildPhase;
			buildActionMask = 2147483647;
			files = (
				5B6E7ABF140C7C92002C4E42 /* UIKit.framework in Frameworks */,
				5B6E7AC1140C7C92002C4E42 /* Foundation.framework in Frameworks */,
				5B6E7AC3140C7C92002C4E42 /* CoreGraphics.framework in Frameworks */,
			);
			runOnlyForDeploymentPostprocessing = 0;
		};
/* End PBXFrameworksBuildPhase section */

/* Begin PBXGroup section */
		5B6E7AAF140C7C92002C4E42 = {
			isa = PBXGroup;
			children = (
				5B6E7AC4140C7C92002C4E42 /* Searcher */,
				5B6E7ABD140C7C92002C4E42 /* Frameworks */,
				5B6E7ABB140C7C92002C4E42 /* Products */,
			);
			sourceTree = "<group>";
		};
		5B6E7ABB140C7C92002C4E42 /* Products */ = {
			isa = PBXGroup;
			children = (
				5B6E7ABA140C7C92002C4E42 /* Searcher.app */,
			);
			name = Products;
			sourceTree = "<group>";
		};
		5B6E7ABD140C7C92002C4E42 /* Frameworks */ = {
			isa = PBXGroup;
			children = (
				5B6E7ABE140C7C92002C4E42 /* UIKit.framework */,
				5B6E7AC0140C7C92002C4E42 /* Foundation.framework */,
				5B6E7AC2140C7C92002C4E42 /* CoreGraphics.framework */,
			);
			name = Frameworks;
			sourceTree = "<group>";
		};
		5B6E7AC4140C7C92002C4E42 /* Searcher */ = {
			isa = PBXGroup;
			children = (
				5B6E7ACD140C7C93002C4E42 /* SearcherAppDelegate.h */,
				5B6E7ACE140C7C93002C4E42 /* SearcherAppDelegate.m */,
				5B6E7AD0140C7C93002C4E42 /* SearcherViewController.h */,
				5B6E7AD2140C7C93002C4E42 /* SearcherViewController.m */,
				5B6E7AD4140C7C93002C4E42 /* SearcherViewController_iPhone.xib */,
				5B6E7AD7140C7C93002C4E42 /* SearcherViewController_iPad.xib */,
				5B6E7AC5140C7C92002C4E42 /* Supporting Files */,
			);
			path = Searcher;
			sourceTree = "<group>";
		};
		5B6E7AC5140C7C92002C4E42 /* Supporting Files */ = {
			isa = PBXGroup;
			children = (
				5B6E7AC6140C7C92002C4E42 /* Searcher-Info.plist */,
				5B6E7AC7140C7C92002C4E42 /* InfoPlist.strings */,
				5B6E7ACA140C7C92002C4E42 /* main.m */,
				5B6E7ACC140C7C92002C4E42 /* Searcher-Prefix.pch */,
			);
			name = "Supporting Files";
			sourceTree = "<group>";
		};
/* End PBXGroup section */

/* Begin PBXNativeTarget section */
		5B6E7AB9140C7C92002C4E42 /* Searcher */ = {
			isa = PBXNativeTarget;
			buildConfigurationList = 5B6E7ADC140C7C93002C4E42 /* Build configuration list for PBXNativeTarget "Searcher" */;
			buildPhases = (
				5B6E7AB6140C7C92002C4E42 /* Sources */,
				5B6E7AB7140C7C92002C4E42 /* Frameworks */,
				5B6E7AB8140C7C92002C4E42 /* Resources */,
			);
			buildRules = (
			);
			dependencies = (
			);
			name = Searcher;
			productName = Searcher;
			productReference = 5B6E7ABA140C7C92002C4E42 /* Searcher.app */;
			productType = "com.apple.product-type.application";
		};
/* End PBXNativeTarget section */

/* Begin PBXProject section */
		5B6E7AB1140C7C92002C4E42 /* Project object */ = {
			isa = PBXProject;
			buildConfigurationList = 5B6E7AB4140C7C92002C4E42 /* Build configuration list for PBXProject "Searcher" */;
			compatibilityVersion = "Xcode 3.2";
			developmentRegion = English;
			hasScannedForEncodings = 0;
			knownRegions = (
				en,
			);
			mainGroup = 5B6E7AAF140C7C92002C4E42;
			productRefGroup = 5B6E7ABB140C7C92002C4E42 /* Products */;
			projectDirPath = "";
			projectRoot = "";
			targets = (
				5B6E7AB9140C7C92002C4E42 /* Searcher */,
			);
		};
/* End PBXProject section */

/* Begin PBXResourcesBuildPhase section */
		5B6E7AB8140C7C92002C4E42 /* Resources */ = {
			isa = PBXResourcesBuildPhase;
			buildActionMask = 2147483647;
			files = (
				5B6E7AC9140C7C92002C4E42 /* InfoPlist.strings in Resources */,
				5B6E7AD1140C7C93002C4E42 /* SearcherViewController.h in Resources */,
				5B6E7AD6140C7C93002C4E42 /* SearcherViewController_iPhone.xib in Resources */,
				5B6E7AD9140C7C93002C4E42 /* SearcherViewController_iPad.xib in Resources */,
			);
			runOnlyForDeploymentPostprocessing = 0;
		};
/* End PBXResourcesBuildPhase section */

/* Begin PBXSourcesBuildPhase section */
		5B6E7AB6140C7C92002C4E42 /* Sources */ = {
			isa = PBXSourcesBuildPhase;
			buildActionMask = 2147483647;
			files = (
				5B6E7ACB140C7C92002C4E42 /* main.m in Sources */,
				5B6E7ACF140C7C93002C4E42 /* SearcherAppDelegate.m in Sources */,
				5B6E7AD3140C7C93002C4E42 /* SearcherViewController.m in Sources */,
			);
			runOnlyForDeploymentPostprocessing = 0;
		};
/* End PBXSourcesBuildPhase section */

/* Begin PBXVariantGroup section */
		5B6E7AC7140C7C92002C4E42 /* InfoPlist.strings */ = {
			isa = PBXVariantGroup;
			children = (
				5B6E7AC8140C7C92002C4E42 /* en */,
			);
			name = InfoPlist.strings;
			sourceTree = "<group>";
		};
		5B6E7AD4140C7C93002C4E42 /* SearcherViewController_iPhone.xib */ = {
			isa = PBXVariantGroup;
			children = (
				5B6E7AD5140C7C93002C4E42 /* en */,
			);
			name = SearcherViewController_iPhone.xib;
			sourceTree = "<group>";
		};
		5B6E7AD7140C7C93002C4E42 /* SearcherViewController_iPad.xib */ = {
			isa = PBXVariantGroup;
			children = (
				5B6E7AD8140C7C93002C4E42 /* en */,
			);
			name = SearcherViewController_iPad.xib;
			sourceTree = "<group>";
		};
/* End PBXVariantGroup section */

/* Begin XCBuildConfiguration section */
		5B6E7ADA140C7C93002C4E42 /* Debug */ = {
			isa = XCBuildConfiguration;
			buildSettings = {
				ALWAYS_SEARCH_USER_PATHS = NO;
				ARCHS = "$(ARCHS_STANDARD_32_BIT)";
				CLANG_ENABLE_OBJC_ARC = YES;
				"CODE_SIGN_IDENTITY[sdk=iphoneos*]" = "iPhone Developer";
				COPY_PHASE_STRIP = NO;
				GCC_C_LANGUAGE_STANDARD = gnu99;
				GCC_DYNAMIC_NO_PIC = NO;
				GCC_OPTIMIZATION_LEVEL = 0;
				GCC_PREPROCESSOR_DEFINITIONS = (
					"DEBUG=1",
					"$(inherited)",
				);
				GCC_SYMBOLS_PRIVATE_EXTERN = NO;
				GCC_VERSION = com.apple.compilers.llvm.clang.1_0;
				GCC_WARN_ABOUT_MISSING_PROTOTYPES = YES;
				GCC_WARN_ABOUT_RETURN_TYPE = YES;
				GCC_WARN_UNUSED_VARIABLE = YES;
				IPHONEOS_DEPLOYMENT_TARGET = 5.0;
				SDKROOT = iphoneos;
				TARGETED_DEVICE_FAMILY = "1,2";
			};
			name = Debug;
		};
		5B6E7ADB140C7C93002C4E42 /* Release */ = {
			isa = XCBuildConfiguration;
			buildSettings = {
				ALWAYS_SEARCH_USER_PATHS = NO;
				ARCHS = "$(ARCHS_STANDARD_32_BIT)";
				CLANG_ENABLE_OBJC_ARC = YES;
				"CODE_SIGN_IDENTITY[sdk=iphoneos*]" = "iPhone Developer";
				COPY_PHASE_STRIP = YES;
				GCC_C_LANGUAGE_STANDARD = gnu99;
				GCC_VERSION = com.apple.compilers.llvm.clang.1_0;
				GCC_WARN_ABOUT_MISSING_PROTOTYPES = YES;
				GCC_WARN_ABOUT_RETURN_TYPE = YES;
				GCC_WARN_UNUSED_VARIABLE = YES;
				IPHONEOS_DEPLOYMENT_TARGET = 5.0;
				OTHER_CFLAGS = "-DNS_BLOCK_ASSERTIONS=1";
				SDKROOT = iphoneos;
				TARGETED_DEVICE_FAMILY = "1,2";
				VALIDATE_PRODUCT = YES;
			};
			name = Release;
		};
		5B6E7ADD140C7C93002C4E42 /* Debug */ = {
			isa = XCBuildConfiguration;
			buildSettings = {
				GCC_PRECOMPILE_PREFIX_HEADER = YES;
				GCC_PREFIX_HEADER = "Searcher/Searcher-Prefix.pch";
				INFOPLIST_FILE = "Searcher/Searcher-Info.plist";
				PRODUCT_NAME = "$(TARGET_NAME)";
				WRAPPER_EXTENSION = app;
			};
			name = Debug;
		};
		5B6E7ADE140C7C93002C4E42 /* Release */ = {
			isa = XCBuildConfiguration;
			buildSettings = {
				GCC_PRECOMPILE_PREFIX_HEADER = YES;
				GCC_PREFIX_HEADER = "Searcher/Searcher-Prefix.pch";
				INFOPLIST_FILE = "Searcher/Searcher-Info.plist";
				PRODUCT_NAME = "$(TARGET_NAME)";
				WRAPPER_EXTENSION = app;
			};
			name = Release;
		};
/* End XCBuildConfiguration section */

/* Begin XCConfigurationList section */
		5B6E7AB4140C7C92002C4E42 /* Build configuration list for PBXProject "Searcher" */ = {
			isa = XCConfigurationList;
			buildConfigurations = (
				5B6E7ADA140C7C93002C4E42 /* Debug */,
				5B6E7ADB140C7C93002C4E42 /* Release */,
			);
			defaultConfigurationIsVisible = 0;
			defaultConfigurationName = Release;
		};
		5B6E7ADC140C7C93002C4E42 /* Build configuration list for PBXNativeTarget "Searcher" */ = {
			isa = XCConfigurationList;
			buildConfigurations = (
				5B6E7ADD140C7C93002C4E42 /* Debug */,
				5B6E7ADE140C7C93002C4E42 /* Release */,
			);
			defaultConfigurationIsVisible = 0;
		};
/* End XCConfigurationList section */
	};
	rootObject = 5B6E7AB1140C7C92002C4E42 /* Project object */;
}
